
Microsoft Visual Studio Solution File, Format Version 12.00
# Visual Studio Version 16
VisualStudioVersion = 16.0.30907.101
MinimumVisualStudioVersion = 10.0.40219.1
Project("{9A19103F-16F7-4668-BE54-9A1E7A4F7556}") = "Example", "Example\Example.csproj", "{FB2559F5-EA0B-4D55-AE32-8904D4E2A6E5}"
EndProject
Project("{9A19103F-16F7-4668-BE54-9A1E7A4F7556}") = "Mape.AspNetCore.UrlLocalizer", "Mape.AspNetCore.UrlLocalizer\Mape.AspNetCore.UrlLocalizer.csproj", "{87FD6CD3-AEF8-48D2-9B7F-F46BCC21A42E}"
EndProject
Global
	GlobalSection(SolutionConfigurationPlatforms) = preSolution
		Debug|Any CPU = Debug|Any CPU
		Release|Any CPU = Release|Any CPU
	EndGlobalSection
	GlobalSection(ProjectConfigurationPlatforms) = postSolution
		{FB2559F5-EA0B-4D55-AE32-8904D4E2A6E5}.Debug|Any CPU.ActiveCfg = Debug|Any CPU
		{FB2559F5-EA0B-4D55-AE32-8904D4E2A6E5}.Debug|Any CPU.Build.0 = Debug|Any CPU
		{FB2559F5-EA0B-4D55-AE32-8904D4E2A6E5}.Release|Any CPU.ActiveCfg = Release|Any CPU
		{FB2559F5-EA0B-4D55-AE32-8904D4E2A6E5}.Release|Any CPU.Build.0 = Release|Any CPU
		{87FD6CD3-AEF8-48D2-9B7F-F46BCC21A42E}.Debug|Any CPU.ActiveCfg = Debug|Any CPU
		{87FD6CD3-AEF8-48D2-9B7F-F46BCC21A42E}.Debug|Any CPU.Build.0 = Debug|Any CPU
		{87FD6CD3-AEF8-48D2-9B7F-F46BCC21A42E}.Release|Any CPU.ActiveCfg = Release|Any CPU
		{87FD6CD3-AEF8-48D2-9B7F-F46BCC21A42E}.Release|Any CPU.Build.0 = Release|Any CPU
	EndGlobalSection
	GlobalSection(SolutionProperties) = preSolution
		HideSolutionNode = FALSE
	EndGlobalSection
	GlobalSection(ExtensibilityGlobals) = postSolution
		SolutionGuid = {2134B4E4-1E37-4F50-9BC5-AEB323296187}
	EndGlobalSection
EndGlobal
